
Microsoft Visual Studio Solution File, Format Version 12.00
# Visual Studio Version 17
VisualStudioVersion = 17.5.002.0
MinimumVisualStudioVersion = 10.0.40219.1
Project("{9A19103F-16F7-4668-BE54-9A1E7A4F7556}") = "DesafioProjetoHospedagem", "desafio2-sistema-hospedam-hotel\DesafioProjetoHospedagem.csproj", "{5546704C-F6B5-4BB6-B770-FB8210FBF57C}"
EndProject
Project("{9A19103F-16F7-4668-BE54-9A1E7A4F7556}") = "DesafioPOO", "desafio3-poo-celular\DesafioPOO.csproj", "{D45E09BC-64A7-44D3-9A78-DB970C3B402D}"
EndProject
Project("{9A19103F-16F7-4668-BE54-9A1E7A4F7556}") = "TrilhaApiDesafio", "desafio4-api-crud\TrilhaApiDesafio.csproj", "{3FE28401-F0D1-4248-ABBF-0A2273C2A7AA}"
EndProject
Project("{2150E333-8FDC-42A3-9474-1A3956D46DE8}") = "API", "API", "{C0CBF435-751D-4FFA-A062-77E533B0C73D}"
EndProject
Project("{9A19103F-16F7-4668-BE54-9A1E7A4F7556}") = "TesteAPI", "API\TesteAPI\TesteAPI.csproj", "{0946D5F0-3A9E-4B83-A5F4-3D616F5AAE47}"
EndProject
Project("{2150E333-8FDC-42A3-9474-1A3956D46DE8}") = "desafio1-sistema-estacionamento", "desafio1-sistema-estacionamento", "{7160E0E2-2807-496F-8BA5-D8592DC859C1}"
EndProject
Project("{9A19103F-16F7-4668-BE54-9A1E7A4F7556}") = "DesafioFundamentos", "desafio1-sistema-estacionamento\DesafioFundamentos\DesafioFundamentos.csproj", "{C9F17B07-1F90-496A-9CBB-B729001594FD}"
EndProject
Global
	GlobalSection(SolutionConfigurationPlatforms) = preSolution
		Debug|Any CPU = Debug|Any CPU
		Release|Any CPU = Release|Any CPU
	EndGlobalSection
	GlobalSection(ProjectConfigurationPlatforms) = postSolution
		{5546704C-F6B5-4BB6-B770-FB8210FBF57C}.Debug|Any CPU.ActiveCfg = Debug|Any CPU
		{5546704C-F6B5-4BB6-B770-FB8210FBF57C}.Debug|Any CPU.Build.0 = Debug|Any CPU
		{5546704C-F6B5-4BB6-B770-FB8210FBF57C}.Release|Any CPU.ActiveCfg = Release|Any CPU
		{5546704C-F6B5-4BB6-B770-FB8210FBF57C}.Release|Any CPU.Build.0 = Release|Any CPU
		{D45E09BC-64A7-44D3-9A78-DB970C3B402D}.Debug|Any CPU.ActiveCfg = Debug|Any CPU
		{D45E09BC-64A7-44D3-9A78-DB970C3B402D}.Debug|Any CPU.Build.0 = Debug|Any CPU
		{D45E09BC-64A7-44D3-9A78-DB970C3B402D}.Release|Any CPU.ActiveCfg = Release|Any CPU
		{D45E09BC-64A7-44D3-9A78-DB970C3B402D}.Release|Any CPU.Build.0 = Release|Any CPU
		{3FE28401-F0D1-4248-ABBF-0A2273C2A7AA}.Debug|Any CPU.ActiveCfg = Debug|Any CPU
		{3FE28401-F0D1-4248-ABBF-0A2273C2A7AA}.Debug|Any CPU.Build.0 = Debug|Any CPU
		{3FE28401-F0D1-4248-ABBF-0A2273C2A7AA}.Release|Any CPU.ActiveCfg = Release|Any CPU
		{3FE28401-F0D1-4248-ABBF-0A2273C2A7AA}.Release|Any CPU.Build.0 = Release|Any CPU
		{0946D5F0-3A9E-4B83-A5F4-3D616F5AAE47}.Debug|Any CPU.ActiveCfg = Debug|Any CPU
		{0946D5F0-3A9E-4B83-A5F4-3D616F5AAE47}.Debug|Any CPU.Build.0 = Debug|Any CPU
		{0946D5F0-3A9E-4B83-A5F4-3D616F5AAE47}.Release|Any CPU.ActiveCfg = Release|Any CPU
		{0946D5F0-3A9E-4B83-A5F4-3D616F5AAE47}.Release|Any CPU.Build.0 = Release|Any CPU
		{C9F17B07-1F90-496A-9CBB-B729001594FD}.Debug|Any CPU.ActiveCfg = Debug|Any CPU
		{C9F17B07-1F90-496A-9CBB-B729001594FD}.Debug|Any CPU.Build.0 = Debug|Any CPU
		{C9F17B07-1F90-496A-9CBB-B729001594FD}.Release|Any CPU.ActiveCfg = Release|Any CPU
		{C9F17B07-1F90-496A-9CBB-B729001594FD}.Release|Any CPU.Build.0 = Release|Any CPU
	EndGlobalSection
	GlobalSection(SolutionProperties) = preSolution
		HideSolutionNode = FALSE
	EndGlobalSection
	GlobalSection(NestedProjects) = preSolution
		{0946D5F0-3A9E-4B83-A5F4-3D616F5AAE47} = {C0CBF435-751D-4FFA-A062-77E533B0C73D}
		{C9F17B07-1F90-496A-9CBB-B729001594FD} = {7160E0E2-2807-496F-8BA5-D8592DC859C1}
	EndGlobalSection
	GlobalSection(ExtensibilityGlobals) = postSolution
		SolutionGuid = {94B87413-A8B9-4794-A941-7693BBED13C6}
	EndGlobalSection
EndGlobal
